{
  "object": {
    "pins": [
      {
        "package": "Composed",
        "repositoryURL": "https://github.com/composed-swift/Composed.git",
        "state": {
          "branch": null,
          "revision": "408b96560b9b7734a3de2e9e66528ec21c778f29",
          "version": "1.1.0"
        }
      }
    ]
  },
  "version": 1
}
