{
  "object": {
    "pins": [
      {
        "package": "Composed",
        "repositoryURL": "https://github.com/composed-swift/composed",
        "state": {
          "branch": null,
          "revision": "42aaf908c4ffdb9becb5eae458390c6e4b1ca323",
          "version": "1.0.1"
        }
      }
    ]
  },
  "version": 1
}
