{
  "object": {
    "pins": [
      {
        "package": "Composed",
        "repositoryURL": "https://github.com/composed-swift/composed",
        "state": {
          "branch": null,
          "revision": "8dcf1fbbc1a23f7e2b9e0e09f6126f12469e8d80",
          "version": "1.0.4"
        }
      }
    ]
  },
  "version": 1
}
